
Microsoft Visual Studio Solution File, Format Version 12.00
# Visual Studio Version 16
VisualStudioVersion = 16.0.31205.134
MinimumVisualStudioVersion = 10.0.40219.1
Project("{FAE04EC0-301F-11D3-BF4B-00C04F79EFBC}") = "exercicio02.aula08", "exercicio02.aula08.csproj", "{C310D580-12BF-4EE3-83F9-96EB4E5FB09F}"
EndProject
Global
	GlobalSection(SolutionConfigurationPlatforms) = preSolution
		Debug|Any CPU = Debug|Any CPU
		Release|Any CPU = Release|Any CPU
	EndGlobalSection
	GlobalSection(ProjectConfigurationPlatforms) = postSolution
		{C310D580-12BF-4EE3-83F9-96EB4E5FB09F}.Debug|Any CPU.ActiveCfg = Debug|Any CPU
		{C310D580-12BF-4EE3-83F9-96EB4E5FB09F}.Debug|Any CPU.Build.0 = Debug|Any CPU
		{C310D580-12BF-4EE3-83F9-96EB4E5FB09F}.Release|Any CPU.ActiveCfg = Release|Any CPU
		{C310D580-12BF-4EE3-83F9-96EB4E5FB09F}.Release|Any CPU.Build.0 = Release|Any CPU
	EndGlobalSection
	GlobalSection(SolutionProperties) = preSolution
		HideSolutionNode = FALSE
	EndGlobalSection
	GlobalSection(ExtensibilityGlobals) = postSolution
		SolutionGuid = {2F6952BF-3F78-4662-9E32-7409CE6D65B1}
	EndGlobalSection
EndGlobal
