
Microsoft Visual Studio Solution File, Format Version 12.00
# Visual Studio Version 16
VisualStudioVersion = 16.0.31205.134
MinimumVisualStudioVersion = 10.0.40219.1
Project("{FAE04EC0-301F-11D3-BF4B-00C04F79EFBC}") = "exercicio08.aula04", "exercicio08.aula04.csproj", "{9C672032-7C9C-4881-BC80-94B03E07D9F3}"
EndProject
Global
	GlobalSection(SolutionConfigurationPlatforms) = preSolution
		Debug|Any CPU = Debug|Any CPU
		Release|Any CPU = Release|Any CPU
	EndGlobalSection
	GlobalSection(ProjectConfigurationPlatforms) = postSolution
		{9C672032-7C9C-4881-BC80-94B03E07D9F3}.Debug|Any CPU.ActiveCfg = Debug|Any CPU
		{9C672032-7C9C-4881-BC80-94B03E07D9F3}.Debug|Any CPU.Build.0 = Debug|Any CPU
		{9C672032-7C9C-4881-BC80-94B03E07D9F3}.Release|Any CPU.ActiveCfg = Release|Any CPU
		{9C672032-7C9C-4881-BC80-94B03E07D9F3}.Release|Any CPU.Build.0 = Release|Any CPU
	EndGlobalSection
	GlobalSection(SolutionProperties) = preSolution
		HideSolutionNode = FALSE
	EndGlobalSection
	GlobalSection(ExtensibilityGlobals) = postSolution
		SolutionGuid = {A35FAA7D-CCA1-46E0-8CD9-7BE65DACCD75}
	EndGlobalSection
EndGlobal
