
Microsoft Visual Studio Solution File, Format Version 12.00
# Visual Studio Version 16
VisualStudioVersion = 16.0.31205.134
MinimumVisualStudioVersion = 10.0.40219.1
Project("{FAE04EC0-301F-11D3-BF4B-00C04F79EFBC}") = "exercicio03.aula05", "exercicio03.aula05.csproj", "{0A5CE4EB-73C5-40AC-A8B4-58B4ED13DED3}"
EndProject
Global
	GlobalSection(SolutionConfigurationPlatforms) = preSolution
		Debug|Any CPU = Debug|Any CPU
		Release|Any CPU = Release|Any CPU
	EndGlobalSection
	GlobalSection(ProjectConfigurationPlatforms) = postSolution
		{0A5CE4EB-73C5-40AC-A8B4-58B4ED13DED3}.Debug|Any CPU.ActiveCfg = Debug|Any CPU
		{0A5CE4EB-73C5-40AC-A8B4-58B4ED13DED3}.Debug|Any CPU.Build.0 = Debug|Any CPU
		{0A5CE4EB-73C5-40AC-A8B4-58B4ED13DED3}.Release|Any CPU.ActiveCfg = Release|Any CPU
		{0A5CE4EB-73C5-40AC-A8B4-58B4ED13DED3}.Release|Any CPU.Build.0 = Release|Any CPU
	EndGlobalSection
	GlobalSection(SolutionProperties) = preSolution
		HideSolutionNode = FALSE
	EndGlobalSection
	GlobalSection(ExtensibilityGlobals) = postSolution
		SolutionGuid = {F571C18D-9F03-44B0-BBC8-E0C28DA93E53}
	EndGlobalSection
EndGlobal
