
Microsoft Visual Studio Solution File, Format Version 12.00
# Visual Studio Version 16
VisualStudioVersion = 16.0.31205.134
MinimumVisualStudioVersion = 10.0.40219.1
Project("{FAE04EC0-301F-11D3-BF4B-00C04F79EFBC}") = "exercicio04.alula04", "exercicio04.alula04.csproj", "{480FCC95-3210-4465-896A-FB26CD89B348}"
EndProject
Global
	GlobalSection(SolutionConfigurationPlatforms) = preSolution
		Debug|Any CPU = Debug|Any CPU
		Release|Any CPU = Release|Any CPU
	EndGlobalSection
	GlobalSection(ProjectConfigurationPlatforms) = postSolution
		{480FCC95-3210-4465-896A-FB26CD89B348}.Debug|Any CPU.ActiveCfg = Debug|Any CPU
		{480FCC95-3210-4465-896A-FB26CD89B348}.Debug|Any CPU.Build.0 = Debug|Any CPU
		{480FCC95-3210-4465-896A-FB26CD89B348}.Release|Any CPU.ActiveCfg = Release|Any CPU
		{480FCC95-3210-4465-896A-FB26CD89B348}.Release|Any CPU.Build.0 = Release|Any CPU
	EndGlobalSection
	GlobalSection(SolutionProperties) = preSolution
		HideSolutionNode = FALSE
	EndGlobalSection
	GlobalSection(ExtensibilityGlobals) = postSolution
		SolutionGuid = {84BA82D3-F090-4A6D-A593-53A8BBDC7FA4}
	EndGlobalSection
EndGlobal
