
Microsoft Visual Studio Solution File, Format Version 12.00
# Visual Studio Version 16
VisualStudioVersion = 16.0.31205.134
MinimumVisualStudioVersion = 10.0.40219.1
Project("{FAE04EC0-301F-11D3-BF4B-00C04F79EFBC}") = "exercicio02.aula03", "exercicio02.aula03.csproj", "{0629CAF8-D296-43C2-832D-4BB25C7211AF}"
EndProject
Global
	GlobalSection(SolutionConfigurationPlatforms) = preSolution
		Debug|Any CPU = Debug|Any CPU
		Release|Any CPU = Release|Any CPU
	EndGlobalSection
	GlobalSection(ProjectConfigurationPlatforms) = postSolution
		{0629CAF8-D296-43C2-832D-4BB25C7211AF}.Debug|Any CPU.ActiveCfg = Debug|Any CPU
		{0629CAF8-D296-43C2-832D-4BB25C7211AF}.Debug|Any CPU.Build.0 = Debug|Any CPU
		{0629CAF8-D296-43C2-832D-4BB25C7211AF}.Release|Any CPU.ActiveCfg = Release|Any CPU
		{0629CAF8-D296-43C2-832D-4BB25C7211AF}.Release|Any CPU.Build.0 = Release|Any CPU
	EndGlobalSection
	GlobalSection(SolutionProperties) = preSolution
		HideSolutionNode = FALSE
	EndGlobalSection
	GlobalSection(ExtensibilityGlobals) = postSolution
		SolutionGuid = {20FE3316-5E0D-49FA-919A-D0C296A2B215}
	EndGlobalSection
EndGlobal
