
Microsoft Visual Studio Solution File, Format Version 12.00
# Visual Studio Version 16
VisualStudioVersion = 16.0.31205.134
MinimumVisualStudioVersion = 10.0.40219.1
Project("{FAE04EC0-301F-11D3-BF4B-00C04F79EFBC}") = "exercicio01.aula05", "exercicio01.aula05.csproj", "{1ABE6EE4-9D98-457E-B524-6807ECCA0EE8}"
EndProject
Global
	GlobalSection(SolutionConfigurationPlatforms) = preSolution
		Debug|Any CPU = Debug|Any CPU
		Release|Any CPU = Release|Any CPU
	EndGlobalSection
	GlobalSection(ProjectConfigurationPlatforms) = postSolution
		{1ABE6EE4-9D98-457E-B524-6807ECCA0EE8}.Debug|Any CPU.ActiveCfg = Debug|Any CPU
		{1ABE6EE4-9D98-457E-B524-6807ECCA0EE8}.Debug|Any CPU.Build.0 = Debug|Any CPU
		{1ABE6EE4-9D98-457E-B524-6807ECCA0EE8}.Release|Any CPU.ActiveCfg = Release|Any CPU
		{1ABE6EE4-9D98-457E-B524-6807ECCA0EE8}.Release|Any CPU.Build.0 = Release|Any CPU
	EndGlobalSection
	GlobalSection(SolutionProperties) = preSolution
		HideSolutionNode = FALSE
	EndGlobalSection
	GlobalSection(ExtensibilityGlobals) = postSolution
		SolutionGuid = {F911D1F5-970D-43F6-8BAF-8846CDBDC652}
	EndGlobalSection
EndGlobal
