
Microsoft Visual Studio Solution File, Format Version 12.00
# Visual Studio Version 16
VisualStudioVersion = 16.0.31205.134
MinimumVisualStudioVersion = 10.0.40219.1
Project("{FAE04EC0-301F-11D3-BF4B-00C04F79EFBC}") = "exercicio10.aula02", "exercicio10.aula02.csproj", "{E9565AC8-A790-4DEC-A370-CA94D5B0C7FA}"
EndProject
Global
	GlobalSection(SolutionConfigurationPlatforms) = preSolution
		Debug|Any CPU = Debug|Any CPU
		Release|Any CPU = Release|Any CPU
	EndGlobalSection
	GlobalSection(ProjectConfigurationPlatforms) = postSolution
		{E9565AC8-A790-4DEC-A370-CA94D5B0C7FA}.Debug|Any CPU.ActiveCfg = Debug|Any CPU
		{E9565AC8-A790-4DEC-A370-CA94D5B0C7FA}.Debug|Any CPU.Build.0 = Debug|Any CPU
		{E9565AC8-A790-4DEC-A370-CA94D5B0C7FA}.Release|Any CPU.ActiveCfg = Release|Any CPU
		{E9565AC8-A790-4DEC-A370-CA94D5B0C7FA}.Release|Any CPU.Build.0 = Release|Any CPU
	EndGlobalSection
	GlobalSection(SolutionProperties) = preSolution
		HideSolutionNode = FALSE
	EndGlobalSection
	GlobalSection(ExtensibilityGlobals) = postSolution
		SolutionGuid = {F6623220-0AFA-47A5-B7DD-E59AC00FE969}
	EndGlobalSection
EndGlobal
