
Microsoft Visual Studio Solution File, Format Version 12.00
# Visual Studio Version 16
VisualStudioVersion = 16.0.31205.134
MinimumVisualStudioVersion = 10.0.40219.1
Project("{FAE04EC0-301F-11D3-BF4B-00C04F79EFBC}") = "EXERCIO09.AULA02", "EXERCIO09.AULA02.csproj", "{CFA92041-C2EE-4958-AA0D-5E45434336CC}"
EndProject
Global
	GlobalSection(SolutionConfigurationPlatforms) = preSolution
		Debug|Any CPU = Debug|Any CPU
		Release|Any CPU = Release|Any CPU
	EndGlobalSection
	GlobalSection(ProjectConfigurationPlatforms) = postSolution
		{CFA92041-C2EE-4958-AA0D-5E45434336CC}.Debug|Any CPU.ActiveCfg = Debug|Any CPU
		{CFA92041-C2EE-4958-AA0D-5E45434336CC}.Debug|Any CPU.Build.0 = Debug|Any CPU
		{CFA92041-C2EE-4958-AA0D-5E45434336CC}.Release|Any CPU.ActiveCfg = Release|Any CPU
		{CFA92041-C2EE-4958-AA0D-5E45434336CC}.Release|Any CPU.Build.0 = Release|Any CPU
	EndGlobalSection
	GlobalSection(SolutionProperties) = preSolution
		HideSolutionNode = FALSE
	EndGlobalSection
	GlobalSection(ExtensibilityGlobals) = postSolution
		SolutionGuid = {18049D96-A2C2-4A65-BCBC-5D86BAA1C244}
	EndGlobalSection
EndGlobal
