
Microsoft Visual Studio Solution File, Format Version 12.00
# Visual Studio Version 16
VisualStudioVersion = 16.0.31025.194
MinimumVisualStudioVersion = 10.0.40219.1
Project("{FAE04EC0-301F-11D3-BF4B-00C04F79EFBC}") = "ExecBDWFManha", "ExecBDWFManha.csproj", "{5332CBDC-3D65-4190-85A3-BC44B4FB533F}"
EndProject
Global
	GlobalSection(SolutionConfigurationPlatforms) = preSolution
		Debug|Any CPU = Debug|Any CPU
		Release|Any CPU = Release|Any CPU
	EndGlobalSection
	GlobalSection(ProjectConfigurationPlatforms) = postSolution
		{5332CBDC-3D65-4190-85A3-BC44B4FB533F}.Debug|Any CPU.ActiveCfg = Debug|Any CPU
		{5332CBDC-3D65-4190-85A3-BC44B4FB533F}.Debug|Any CPU.Build.0 = Debug|Any CPU
		{5332CBDC-3D65-4190-85A3-BC44B4FB533F}.Release|Any CPU.ActiveCfg = Release|Any CPU
		{5332CBDC-3D65-4190-85A3-BC44B4FB533F}.Release|Any CPU.Build.0 = Release|Any CPU
	EndGlobalSection
	GlobalSection(SolutionProperties) = preSolution
		HideSolutionNode = FALSE
	EndGlobalSection
	GlobalSection(ExtensibilityGlobals) = postSolution
		SolutionGuid = {C245FC57-D8DC-4E69-9125-0238BED52317}
	EndGlobalSection
EndGlobal
