
Microsoft Visual Studio Solution File, Format Version 12.00
# Visual Studio Version 16
VisualStudioVersion = 16.0.31205.134
MinimumVisualStudioVersion = 10.0.40219.1
Project("{FAE04EC0-301F-11D3-BF4B-00C04F79EFBC}") = "exercicio02.aula05", "exercicio02.aula05.csproj", "{BF497491-8ACA-4E50-9330-5AB1409F95A1}"
EndProject
Global
	GlobalSection(SolutionConfigurationPlatforms) = preSolution
		Debug|Any CPU = Debug|Any CPU
		Release|Any CPU = Release|Any CPU
	EndGlobalSection
	GlobalSection(ProjectConfigurationPlatforms) = postSolution
		{BF497491-8ACA-4E50-9330-5AB1409F95A1}.Debug|Any CPU.ActiveCfg = Debug|Any CPU
		{BF497491-8ACA-4E50-9330-5AB1409F95A1}.Debug|Any CPU.Build.0 = Debug|Any CPU
		{BF497491-8ACA-4E50-9330-5AB1409F95A1}.Release|Any CPU.ActiveCfg = Release|Any CPU
		{BF497491-8ACA-4E50-9330-5AB1409F95A1}.Release|Any CPU.Build.0 = Release|Any CPU
	EndGlobalSection
	GlobalSection(SolutionProperties) = preSolution
		HideSolutionNode = FALSE
	EndGlobalSection
	GlobalSection(ExtensibilityGlobals) = postSolution
		SolutionGuid = {11295770-3353-4C3E-90A0-9B5B6B9F560C}
	EndGlobalSection
EndGlobal
